// !$*UTF8*$!
{
	archiveVersion = 1;
	classes = {
	};
	objectVersion = 50;
	objects = {

/* Begin PBXBuildFile section */
		35CAC955255DD0F8000ABE84 /* AppDelegate.swift in Sources */ = {isa = PBXBuildFile; fileRef = 35CAC954255DD0F8000ABE84 /* AppDelegate.swift */; };
		35CAC959255DD0F8000ABE84 /* ViewController.swift in Sources */ = {isa = PBXBuildFile; fileRef = 35CAC958255DD0F8000ABE84 /* ViewController.swift */; };
		35CAC95C255DD0F8000ABE84 /* Main.storyboard in Resources */ = {isa = PBXBuildFile; fileRef = 35CAC95A255DD0F8000ABE84 /* Main.storyboard */; };
		35CAC95E255DD0F9000ABE84 /* Assets.xcassets in Resources */ = {isa = PBXBuildFile; fileRef = 35CAC95D255DD0F9000ABE84 /* Assets.xcassets */; };
		35CAC961255DD0F9000ABE84 /* LaunchScreen.storyboard in Resources */ = {isa = PBXBuildFile; fileRef = 35CAC95F255DD0F9000ABE84 /* LaunchScreen.storyboard */; };
		35CAC96B255DD3BF000ABE84 /* SceneDelegate.swift in Sources */ = {isa = PBXBuildFile; fileRef = 35CAC96A255DD3BF000ABE84 /* SceneDelegate.swift */; };
/* End PBXBuildFile section */

/* Begin PBXFileReference section */
		35CAC951255DD0F8000ABE84 /* RedditMe.app */ = {isa = PBXFileReference; explicitFileType = wrapper.application; includeInIndex = 0; path = RedditMe.app; sourceTree = BUILT_PRODUCTS_DIR; };
		35CAC954255DD0F8000ABE84 /* AppDelegate.swift */ = {isa = PBXFileReference; lastKnownFileType = sourcecode.swift; path = AppDelegate.swift; sourceTree = "<group>"; };
		35CAC958255DD0F8000ABE84 /* ViewController.swift */ = {isa = PBXFileReference; lastKnownFileType = sourcecode.swift; path = ViewController.swift; sourceTree = "<group>"; };
		35CAC95B255DD0F8000ABE84 /* Base */ = {isa = PBXFileReference; lastKnownFileType = file.storyboard; name = Base; path = Base.lproj/Main.storyboard; sourceTree = "<group>"; };
		35CAC95D255DD0F9000ABE84 /* Assets.xcassets */ = {isa = PBXFileReference; lastKnownFileType = folder.assetcatalog; path = Assets.xcassets; sourceTree = "<group>"; };
		35CAC960255DD0F9000ABE84 /* Base */ = {isa = PBXFileReference; lastKnownFileType = file.storyboard; name = Base; path = Base.lproj/LaunchScreen.storyboard; sourceTree = "<group>"; };
		35CAC962255DD0F9000ABE84 /* Info.plist */ = {isa = PBXFileReference; lastKnownFileType = text.plist.xml; path = Info.plist; sourceTree = "<group>"; };
		35CAC96A255DD3BF000ABE84 /* SceneDelegate.swift */ = {isa = PBXFileReference; lastKnownFileType = sourcecode.swift; path = SceneDelegate.swift; sourceTree = "<group>"; };
/* End PBXFileReference section */

/* Begin PBXFrameworksBuildPhase section */
		35CAC94E255DD0F8000ABE84 /* Frameworks */ = {
			isa = PBXFrameworksBuildPhase;
			buildActionMask = 2147483647;
			files = (
			);
			runOnlyForDeploymentPostprocessing = 0;
		};
/* End PBXFrameworksBuildPhase section */

/* Begin PBXGroup section */
		35CAC948255DD0F8000ABE84 = {
			isa = PBXGroup;
			children = (
				35CAC953255DD0F8000ABE84 /* RedditMe */,
				35CAC952255DD0F8000ABE84 /* Products */,
			);
			sourceTree = "<group>";
		};
		35CAC952255DD0F8000ABE84 /* Products */ = {
			isa = PBXGroup;
			children = (
				35CAC951255DD0F8000ABE84 /* RedditMe.app */,
			);
			name = Products;
			sourceTree = "<group>";
		};
		35CAC953255DD0F8000ABE84 /* RedditMe */ = {
			isa = PBXGroup;
			children = (
				35CAC954255DD0F8000ABE84 /* AppDelegate.swift */,
				35CAC958255DD0F8000ABE84 /* ViewController.swift */,
				35CAC96A255DD3BF000ABE84 /* SceneDelegate.swift */,
				35CAC95A255DD0F8000ABE84 /* Main.storyboard */,
				35CAC95D255DD0F9000ABE84 /* Assets.xcassets */,
				35CAC95F255DD0F9000ABE84 /* LaunchScreen.storyboard */,
				35CAC962255DD0F9000ABE84 /* Info.plist */,
			);
			path = RedditMe;
			sourceTree = "<group>";
		};
/* End PBXGroup section */

/* Begin PBXNativeTarget section */
		35CAC950255DD0F8000ABE84 /* RedditMe */ = {
			isa = PBXNativeTarget;
			buildConfigurationList = 35CAC965255DD0F9000ABE84 /* Build configuration list for PBXNativeTarget "RedditMe" */;
			buildPhases = (
				35CAC94D255DD0F8000ABE84 /* Sources */,
				35CAC94E255DD0F8000ABE84 /* Frameworks */,
				35CAC94F255DD0F8000ABE84 /* Resources */,
			);
			buildRules = (
			);
			dependencies = (
			);
			name = RedditMe;
			productName = RedditMe;
			productReference = 35CAC951255DD0F8000ABE84 /* RedditMe.app */;
			productType = "com.apple.product-type.application";
		};
/* End PBXNativeTarget section */

/* Begin PBXProject section */
		35CAC949255DD0F8000ABE84 /* Project object */ = {
			isa = PBXProject;
			attributes = {
				LastSwiftUpdateCheck = 1210;
				LastUpgradeCheck = 1210;
				TargetAttributes = {
					35CAC950255DD0F8000ABE84 = {
						CreatedOnToolsVersion = 12.1;
					};
				};
			};
			buildConfigurationList = 35CAC94C255DD0F8000ABE84 /* Build configuration list for PBXProject "RedditMe" */;
			compatibilityVersion = "Xcode 9.3";
			developmentRegion = en;
			hasScannedForEncodings = 0;
			knownRegions = (
				en,
				Base,
			);
			mainGroup = 35CAC948255DD0F8000ABE84;
			productRefGroup = 35CAC952255DD0F8000ABE84 /* Products */;
			projectDirPath = "";
			projectRoot = "";
			targets = (
				35CAC950255DD0F8000ABE84 /* RedditMe */,
			);
		};
/* End PBXProject section */

/* Begin PBXResourcesBuildPhase section */
		35CAC94F255DD0F8000ABE84 /* Resources */ = {
			isa = PBXResourcesBuildPhase;
			buildActionMask = 2147483647;
			files = (
				35CAC961255DD0F9000ABE84 /* LaunchScreen.storyboard in Resources */,
				35CAC95E255DD0F9000ABE84 /* Assets.xcassets in Resources */,
				35CAC95C255DD0F8000ABE84 /* Main.storyboard in Resources */,
			);
			runOnlyForDeploymentPostprocessing = 0;
		};
/* End PBXResourcesBuildPhase section */

/* Begin PBXSourcesBuildPhase section */
		35CAC94D255DD0F8000ABE84 /* Sources */ = {
			isa = PBXSourcesBuildPhase;
			buildActionMask = 2147483647;
			files = (
				35CAC959255DD0F8000ABE84 /* ViewController.swift in Sources */,
				35CAC955255DD0F8000ABE84 /* AppDelegate.swift in Sources */,
				35CAC96B255DD3BF000ABE84 /* SceneDelegate.swift in Sources */,
			);
			runOnlyForDeploymentPostprocessing = 0;
		};
/* End PBXSourcesBuildPhase section */

/* Begin PBXVariantGroup section */
		35CAC95A255DD0F8000ABE84 /* Main.storyboard */ = {
			isa = PBXVariantGroup;
			children = (
				35CAC95B255DD0F8000ABE84 /* Base */,
			);
			name = Main.storyboard;
			sourceTree = "<group>";
		};
		35CAC95F255DD0F9000ABE84 /* LaunchScreen.storyboard */ = {
			isa = PBXVariantGroup;
			children = (
				35CAC960255DD0F9000ABE84 /* Base */,
			);
			name = LaunchScreen.storyboard;
			sourceTree = "<group>";
		};
/* End PBXVariantGroup section */

/* Begin XCBuildConfiguration section */
		35CAC963255DD0F9000ABE84 /* Debug */ = {
			isa = XCBuildConfiguration;
			buildSettings = {
				ALWAYS_SEARCH_USER_PATHS = NO;
				CLANG_ANALYZER_NONNULL = YES;
				CLANG_ANALYZER_NUMBER_OBJECT_CONVERSION = YES_AGGRESSIVE;
				CLANG_CXX_LANGUAGE_STANDARD = "gnu++14";
				CLANG_CXX_LIBRARY = "libc++";
				CLANG_ENABLE_MODULES = YES;
				CLANG_ENABLE_OBJC_ARC = YES;
				CLANG_ENABLE_OBJC_WEAK = YES;
				CLANG_WARN_BLOCK_CAPTURE_AUTORELEASING = YES;
				CLANG_WARN_BOOL_CONVERSION = YES;
				CLANG_WARN_COMMA = YES;
				CLANG_WARN_CONSTANT_CONVERSION = YES;
				CLANG_WARN_DEPRECATED_OBJC_IMPLEMENTATIONS = YES;
				CLANG_WARN_DIRECT_OBJC_ISA_USAGE = YES_ERROR;
				CLANG_WARN_DOCUMENTATION_COMMENTS = YES;
				CLANG_WARN_EMPTY_BODY = YES;
				CLANG_WARN_ENUM_CONVERSION = YES;
				CLANG_WARN_INFINITE_RECURSION = YES;
				CLANG_WARN_INT_CONVERSION = YES;
				CLANG_WARN_NON_LITERAL_NULL_CONVERSION = YES;
				CLANG_WARN_OBJC_IMPLICIT_RETAIN_SELF = YES;
				CLANG_WARN_OBJC_LITERAL_CONVERSION = YES;
				CLANG_WARN_OBJC_ROOT_CLASS = YES_ERROR;
				CLANG_WARN_QUOTED_INCLUDE_IN_FRAMEWORK_HEADER = YES;
				CLANG_WARN_RANGE_LOOP_ANALYSIS = YES;
				CLANG_WARN_STRICT_PROTOTYPES = YES;
				CLANG_WARN_SUSPICIOUS_MOVE = YES;
				CLANG_WARN_UNGUARDED_AVAILABILITY = YES_AGGRESSIVE;
				CLANG_WARN_UNREACHABLE_CODE = YES;
				CLANG_WARN__DUPLICATE_METHOD_MATCH = YES;
				COPY_PHASE_STRIP = NO;
				DEBUG_INFORMATION_FORMAT = dwarf;
				ENABLE_STRICT_OBJC_MSGSEND = YES;
				ENABLE_TESTABILITY = YES;
				GCC_C_LANGUAGE_STANDARD = gnu11;
				GCC_DYNAMIC_NO_PIC = NO;
				GCC_NO_COMMON_BLOCKS = YES;
				GCC_OPTIMIZATION_LEVEL = 0;
				GCC_PREPROCESSOR_DEFINITIONS = (
					"DEBUG=1",
					"$(inherited)",
				);
				GCC_WARN_64_TO_32_BIT_CONVERSION = YES;
				GCC_WARN_ABOUT_RETURN_TYPE = YES_ERROR;
				GCC_WARN_UNDECLARED_SELECTOR = YES;
				GCC_WARN_UNINITIALIZED_AUTOS = YES_AGGRESSIVE;
				GCC_WARN_UNUSED_FUNCTION = YES;
				GCC_WARN_UNUSED_VARIABLE = YES;
				IPHONEOS_DEPLOYMENT_TARGET = 14.1;
				MTL_ENABLE_DEBUG_INFO = INCLUDE_SOURCE;
				MTL_FAST_MATH = YES;
				ONLY_ACTIVE_ARCH = YES;
				SDKROOT = iphoneos;
				SWIFT_ACTIVE_COMPILATION_CONDITIONS = DEBUG;
				SWIFT_OPTIMIZATION_LEVEL = "-Onone";
			};
			name = Debug;
		};
		35CAC964255DD0F9000ABE84 /* Release */ = {
			isa = XCBuildConfiguration;
			buildSettings = {
				ALWAYS_SEARCH_USER_PATHS = NO;
				CLANG_ANALYZER_NONNULL = YES;
				CLANG_ANALYZER_NUMBER_OBJECT_CONVERSION = YES_AGGRESSIVE;
				CLANG_CXX_LANGUAGE_STANDARD = "gnu++14";
				CLANG_CXX_LIBRARY = "libc++";
				CLANG_ENABLE_MODULES = YES;
				CLANG_ENABLE_OBJC_ARC = YES;
				CLANG_ENABLE_OBJC_WEAK = YES;
				CLANG_WARN_BLOCK_CAPTURE_AUTORELEASING = YES;
				CLANG_WARN_BOOL_CONVERSION = YES;
				CLANG_WARN_COMMA = YES;
				CLANG_WARN_CONSTANT_CONVERSION = YES;
				CLANG_WARN_DEPRECATED_OBJC_IMPLEMENTATIONS = YES;
				CLANG_WARN_DIRECT_OBJC_ISA_USAGE = YES_ERROR;
				CLANG_WARN_DOCUMENTATION_COMMENTS = YES;
				CLANG_WARN_EMPTY_BODY = YES;
				CLANG_WARN_ENUM_CONVERSION = YES;
				CLANG_WARN_INFINITE_RECURSION = YES;
				CLANG_WARN_INT_CONVERSION = YES;
				CLANG_WARN_NON_LITERAL_NULL_CONVERSION = YES;
				CLANG_WARN_OBJC_IMPLICIT_RETAIN_SELF = YES;
				CLANG_WARN_OBJC_LITERAL_CONVERSION = YES;
				CLANG_WARN_OBJC_ROOT_CLASS = YES_ERROR;
				CLANG_WARN_QUOTED_INCLUDE_IN_FRAMEWORK_HEADER = YES;
				CLANG_WARN_RANGE_LOOP_ANALYSIS = YES;
				CLANG_WARN_STRICT_PROTOTYPES = YES;
				CLANG_WARN_SUSPICIOUS_MOVE = YES;
				CLANG_WARN_UNGUARDED_AVAILABILITY = YES_AGGRESSIVE;
				CLANG_WARN_UNREACHABLE_CODE = YES;
				CLANG_WARN__DUPLICATE_METHOD_MATCH = YES;
				COPY_PHASE_STRIP = NO;
				DEBUG_INFORMATION_FORMAT = "dwarf-with-dsym";
				ENABLE_NS_ASSERTIONS = NO;
				ENABLE_STRICT_OBJC_MSGSEND = YES;
				GCC_C_LANGUAGE_STANDARD = gnu11;
				GCC_NO_COMMON_BLOCKS = YES;
				GCC_WARN_64_TO_32_BIT_CONVERSION = YES;
				GCC_WARN_ABOUT_RETURN_TYPE = YES_ERROR;
				GCC_WARN_UNDECLARED_SELECTOR = YES;
				GCC_WARN_UNINITIALIZED_AUTOS = YES_AGGRESSIVE;
				GCC_WARN_UNUSED_FUNCTION = YES;
				GCC_WARN_UNUSED_VARIABLE = YES;
				IPHONEOS_DEPLOYMENT_TARGET = 14.1;
				MTL_ENABLE_DEBUG_INFO = NO;
				MTL_FAST_MATH = YES;
				SDKROOT = iphoneos;
				SWIFT_COMPILATION_MODE = wholemodule;
				SWIFT_OPTIMIZATION_LEVEL = "-O";
				VALIDATE_PRODUCT = YES;
			};
			name = Release;
		};
		35CAC966255DD0F9000ABE84 /* Debug */ = {
			isa = XCBuildConfiguration;
			buildSettings = {
				ASSETCATALOG_COMPILER_APPICON_NAME = AppIcon;
				ASSETCATALOG_COMPILER_GLOBAL_ACCENT_COLOR_NAME = AccentColor;
				CODE_SIGN_STYLE = Automatic;
				DEVELOPMENT_TEAM = 3398483R66;
				INFOPLIST_FILE = RedditMe/Info.plist;
				LD_RUNPATH_SEARCH_PATHS = (
					"$(inherited)",
					"@executable_path/Frameworks",
				);
				PRODUCT_BUNDLE_IDENTIFIER = com.istepler.RedditMe;
				PRODUCT_NAME = "$(TARGET_NAME)";
				SWIFT_VERSION = 5.0;
				TARGETED_DEVICE_FAMILY = "1,2";
			};
			name = Debug;
		};
		35CAC967255DD0F9000ABE84 /* Release */ = {
			isa = XCBuildConfiguration;
			buildSettings = {
				ASSETCATALOG_COMPILER_APPICON_NAME = AppIcon;
				ASSETCATALOG_COMPILER_GLOBAL_ACCENT_COLOR_NAME = AccentColor;
				CODE_SIGN_STYLE = Automatic;
				DEVELOPMENT_TEAM = 3398483R66;
				INFOPLIST_FILE = RedditMe/Info.plist;
				LD_RUNPATH_SEARCH_PATHS = (
					"$(inherited)",
					"@executable_path/Frameworks",
				);
				PRODUCT_BUNDLE_IDENTIFIER = com.istepler.RedditMe;
				PRODUCT_NAME = "$(TARGET_NAME)";
				SWIFT_VERSION = 5.0;
				TARGETED_DEVICE_FAMILY = "1,2";
			};
			name = Release;
		};
/* End XCBuildConfiguration section */

/* Begin XCConfigurationList section */
		35CAC94C255DD0F8000ABE84 /* Build configuration list for PBXProject "RedditMe" */ = {
			isa = XCConfigurationList;
			buildConfigurations = (
				35CAC963255DD0F9000ABE84 /* Debug */,
				35CAC964255DD0F9000ABE84 /* Release */,
			);
			defaultConfigurationIsVisible = 0;
			defaultConfigurationName = Release;
		};
		35CAC965255DD0F9000ABE84 /* Build configuration list for PBXNativeTarget "RedditMe" */ = {
			isa = XCConfigurationList;
			buildConfigurations = (
				35CAC966255DD0F9000ABE84 /* Debug */,
				35CAC967255DD0F9000ABE84 /* Release */,
			);
			defaultConfigurationIsVisible = 0;
			defaultConfigurationName = Release;
		};
/* End XCConfigurationList section */
	};
	rootObject = 35CAC949255DD0F8000ABE84 /* Project object */;
}
